
Microsoft Visual Studio Solution File, Format Version 12.00
# Visual Studio 15
VisualStudioVersion = 15.0.27130.2024
MinimumVisualStudioVersion = 10.0.40219.1
Project("{9A19103F-16F7-4668-BE54-9A1E7A4F7556}") = "MatrixOfPalindromes", "MatrixOfPalindromes\MatrixOfPalindromes.csproj", "{B24584E9-33F8-493D-B578-926BA467778C}"
EndProject
Project("{9A19103F-16F7-4668-BE54-9A1E7A4F7556}") = "DiagonalDifference", "DiagaonalDifference\DiagonalDifference.csproj", "{3835EB23-70C0-45C4-BDC7-9CD386646A25}"
EndProject
Project("{9A19103F-16F7-4668-BE54-9A1E7A4F7556}") = "SquareInMatrix", "SquareInMatrix\SquareInMatrix.csproj", "{BC348DB4-D4D2-4602-94ED-8DC722A2CE15}"
EndProject
Project("{9A19103F-16F7-4668-BE54-9A1E7A4F7556}") = "MaximalSum", "MaximalSum\MaximalSum.csproj", "{5F2C90C6-085B-4262-8887-AB57B82528B1}"
EndProject
Project("{9A19103F-16F7-4668-BE54-9A1E7A4F7556}") = "StringMatrixRotation", "StringMatrixRotation\StringMatrixRotation.csproj", "{1E00CF71-BC49-4B8A-90D1-D317566A42C2}"
EndProject
Global
	GlobalSection(SolutionConfigurationPlatforms) = preSolution
		Debug|Any CPU = Debug|Any CPU
		Release|Any CPU = Release|Any CPU
	EndGlobalSection
	GlobalSection(ProjectConfigurationPlatforms) = postSolution
		{B24584E9-33F8-493D-B578-926BA467778C}.Debug|Any CPU.ActiveCfg = Debug|Any CPU
		{B24584E9-33F8-493D-B578-926BA467778C}.Debug|Any CPU.Build.0 = Debug|Any CPU
		{B24584E9-33F8-493D-B578-926BA467778C}.Release|Any CPU.ActiveCfg = Release|Any CPU
		{B24584E9-33F8-493D-B578-926BA467778C}.Release|Any CPU.Build.0 = Release|Any CPU
		{3835EB23-70C0-45C4-BDC7-9CD386646A25}.Debug|Any CPU.ActiveCfg = Debug|Any CPU
		{3835EB23-70C0-45C4-BDC7-9CD386646A25}.Debug|Any CPU.Build.0 = Debug|Any CPU
		{3835EB23-70C0-45C4-BDC7-9CD386646A25}.Release|Any CPU.ActiveCfg = Release|Any CPU
		{3835EB23-70C0-45C4-BDC7-9CD386646A25}.Release|Any CPU.Build.0 = Release|Any CPU
		{BC348DB4-D4D2-4602-94ED-8DC722A2CE15}.Debug|Any CPU.ActiveCfg = Debug|Any CPU
		{BC348DB4-D4D2-4602-94ED-8DC722A2CE15}.Debug|Any CPU.Build.0 = Debug|Any CPU
		{BC348DB4-D4D2-4602-94ED-8DC722A2CE15}.Release|Any CPU.ActiveCfg = Release|Any CPU
		{BC348DB4-D4D2-4602-94ED-8DC722A2CE15}.Release|Any CPU.Build.0 = Release|Any CPU
		{5F2C90C6-085B-4262-8887-AB57B82528B1}.Debug|Any CPU.ActiveCfg = Debug|Any CPU
		{5F2C90C6-085B-4262-8887-AB57B82528B1}.Debug|Any CPU.Build.0 = Debug|Any CPU
		{5F2C90C6-085B-4262-8887-AB57B82528B1}.Release|Any CPU.ActiveCfg = Release|Any CPU
		{5F2C90C6-085B-4262-8887-AB57B82528B1}.Release|Any CPU.Build.0 = Release|Any CPU
		{1E00CF71-BC49-4B8A-90D1-D317566A42C2}.Debug|Any CPU.ActiveCfg = Debug|Any CPU
		{1E00CF71-BC49-4B8A-90D1-D317566A42C2}.Debug|Any CPU.Build.0 = Debug|Any CPU
		{1E00CF71-BC49-4B8A-90D1-D317566A42C2}.Release|Any CPU.ActiveCfg = Release|Any CPU
		{1E00CF71-BC49-4B8A-90D1-D317566A42C2}.Release|Any CPU.Build.0 = Release|Any CPU
	EndGlobalSection
	GlobalSection(SolutionProperties) = preSolution
		HideSolutionNode = FALSE
	EndGlobalSection
	GlobalSection(ExtensibilityGlobals) = postSolution
		SolutionGuid = {6629CE62-7155-4FA1-8911-2EECE772BB48}
	EndGlobalSection
EndGlobal
